// !$*UTF8*$!
{
	archiveVersion = 1;
	classes = {
	};
	objectVersion = 56;
	objects = {

/* Begin PBXBuildFile section */
		09149C202C4E5B2D0065C719 /* CompteDocument.swift in Sources */ = {isa = PBXBuildFile; fileRef = 09149C1F2C4E5B2D0065C719 /* CompteDocument.swift */; };
		09AB890E2C4D41E300B29793 /* FileDataApp.swift in Sources */ = {isa = PBXBuildFile; fileRef = 09AB890D2C4D41E300B29793 /* FileDataApp.swift */; };
		09AB89102C4D41E300B29793 /* FileDataDocument.swift in Sources */ = {isa = PBXBuildFile; fileRef = 09AB890F2C4D41E300B29793 /* FileDataDocument.swift */; };
		09AB89122C4D41E300B29793 /* ContentView.swift in Sources */ = {isa = PBXBuildFile; fileRef = 09AB89112C4D41E300B29793 /* ContentView.swift */; };
		09AB89142C4D41E500B29793 /* Assets.xcassets in Resources */ = {isa = PBXBuildFile; fileRef = 09AB89132C4D41E500B29793 /* Assets.xcassets */; };
		09AB89192C4D41E500B29793 /* Preview Assets.xcassets in Resources */ = {isa = PBXBuildFile; fileRef = 09AB89182C4D41E500B29793 /* Preview Assets.xcassets */; };
		09AB89212C4D421700B29793 /* Oware in Frameworks */ = {isa = PBXBuildFile; productRef = 09AB89202C4D421700B29793 /* Oware */; };
		09AB89232C4D437A00B29793 /* Comptes.swift in Sources */ = {isa = PBXBuildFile; fileRef = 09AB89222C4D437A00B29793 /* Comptes.swift */; };
		09B4A98F2C651FE1006B79DC /* DesComptes.swift in Sources */ = {isa = PBXBuildFile; fileRef = 09B4A98E2C651FE1006B79DC /* DesComptes.swift */; };
/* End PBXBuildFile section */

/* Begin PBXFileReference section */
		09149C1F2C4E5B2D0065C719 /* CompteDocument.swift */ = {isa = PBXFileReference; lastKnownFileType = sourcecode.swift; path = CompteDocument.swift; sourceTree = "<group>"; };
		09AB890A2C4D41E300B29793 /* FileData.app */ = {isa = PBXFileReference; explicitFileType = wrapper.application; includeInIndex = 0; path = FileData.app; sourceTree = BUILT_PRODUCTS_DIR; };
		09AB890D2C4D41E300B29793 /* FileDataApp.swift */ = {isa = PBXFileReference; lastKnownFileType = sourcecode.swift; path = FileDataApp.swift; sourceTree = "<group>"; };
		09AB890F2C4D41E300B29793 /* FileDataDocument.swift */ = {isa = PBXFileReference; lastKnownFileType = sourcecode.swift; path = FileDataDocument.swift; sourceTree = "<group>"; };
		09AB89112C4D41E300B29793 /* ContentView.swift */ = {isa = PBXFileReference; lastKnownFileType = sourcecode.swift; path = ContentView.swift; sourceTree = "<group>"; };
		09AB89132C4D41E500B29793 /* Assets.xcassets */ = {isa = PBXFileReference; lastKnownFileType = folder.assetcatalog; path = Assets.xcassets; sourceTree = "<group>"; };
		09AB89152C4D41E500B29793 /* Info.plist */ = {isa = PBXFileReference; lastKnownFileType = text.plist.xml; path = Info.plist; sourceTree = "<group>"; };
		09AB89162C4D41E500B29793 /* FileData.entitlements */ = {isa = PBXFileReference; lastKnownFileType = text.plist.entitlements; path = FileData.entitlements; sourceTree = "<group>"; };
		09AB89182C4D41E500B29793 /* Preview Assets.xcassets */ = {isa = PBXFileReference; lastKnownFileType = folder.assetcatalog; path = "Preview Assets.xcassets"; sourceTree = "<group>"; };
		09AB89222C4D437A00B29793 /* Comptes.swift */ = {isa = PBXFileReference; lastKnownFileType = sourcecode.swift; path = Comptes.swift; sourceTree = "<group>"; };
		09B4A98E2C651FE1006B79DC /* DesComptes.swift */ = {isa = PBXFileReference; lastKnownFileType = sourcecode.swift; path = DesComptes.swift; sourceTree = "<group>"; };
/* End PBXFileReference section */

/* Begin PBXFrameworksBuildPhase section */
		09AB89072C4D41E300B29793 /* Frameworks */ = {
			isa = PBXFrameworksBuildPhase;
			buildActionMask = 2147483647;
			files = (
				09AB89212C4D421700B29793 /* Oware in Frameworks */,
			);
			runOnlyForDeploymentPostprocessing = 0;
		};
/* End PBXFrameworksBuildPhase section */

/* Begin PBXGroup section */
		09149C1E2C4E588F0065C719 /* data */ = {
			isa = PBXGroup;
			children = (
				09AB89222C4D437A00B29793 /* Comptes.swift */,
			);
			path = data;
			sourceTree = "<group>";
		};
		09AB89012C4D41E300B29793 = {
			isa = PBXGroup;
			children = (
				09AB890C2C4D41E300B29793 /* FileData */,
				09AB890B2C4D41E300B29793 /* Products */,
			);
			sourceTree = "<group>";
		};
		09AB890B2C4D41E300B29793 /* Products */ = {
			isa = PBXGroup;
			children = (
				09AB890A2C4D41E300B29793 /* FileData.app */,
			);
			name = Products;
			sourceTree = "<group>";
		};
		09AB890C2C4D41E300B29793 /* FileData */ = {
			isa = PBXGroup;
			children = (
				09149C1E2C4E588F0065C719 /* data */,
				09AB890D2C4D41E300B29793 /* FileDataApp.swift */,
				09AB890F2C4D41E300B29793 /* FileDataDocument.swift */,
				09AB89112C4D41E300B29793 /* ContentView.swift */,
				09AB89132C4D41E500B29793 /* Assets.xcassets */,
				09AB89152C4D41E500B29793 /* Info.plist */,
				09AB89162C4D41E500B29793 /* FileData.entitlements */,
				09AB89172C4D41E500B29793 /* Preview Content */,
				09149C1F2C4E5B2D0065C719 /* CompteDocument.swift */,
				09B4A98E2C651FE1006B79DC /* DesComptes.swift */,
			);
			path = FileData;
			sourceTree = "<group>";
		};
		09AB89172C4D41E500B29793 /* Preview Content */ = {
			isa = PBXGroup;
			children = (
				09AB89182C4D41E500B29793 /* Preview Assets.xcassets */,
			);
			path = "Preview Content";
			sourceTree = "<group>";
		};
/* End PBXGroup section */

/* Begin PBXNativeTarget section */
		09AB89092C4D41E300B29793 /* FileData */ = {
			isa = PBXNativeTarget;
			buildConfigurationList = 09AB891C2C4D41E500B29793 /* Build configuration list for PBXNativeTarget "FileData" */;
			buildPhases = (
				09AB89062C4D41E300B29793 /* Sources */,
				09AB89072C4D41E300B29793 /* Frameworks */,
				09AB89082C4D41E300B29793 /* Resources */,
			);
			buildRules = (
			);
			dependencies = (
			);
			name = FileData;
			packageProductDependencies = (
				09AB89202C4D421700B29793 /* Oware */,
			);
			productName = FileData;
			productReference = 09AB890A2C4D41E300B29793 /* FileData.app */;
			productType = "com.apple.product-type.application";
		};
/* End PBXNativeTarget section */

/* Begin PBXProject section */
		09AB89022C4D41E300B29793 /* Project object */ = {
			isa = PBXProject;
			attributes = {
				BuildIndependentTargetsInParallel = 1;
				LastSwiftUpdateCheck = 1540;
				LastUpgradeCheck = 1540;
				TargetAttributes = {
					09AB89092C4D41E300B29793 = {
						CreatedOnToolsVersion = 15.4;
					};
				};
			};
			buildConfigurationList = 09AB89052C4D41E300B29793 /* Build configuration list for PBXProject "FileData" */;
			compatibilityVersion = "Xcode 14.0";
			developmentRegion = en;
			hasScannedForEncodings = 0;
			knownRegions = (
				en,
				Base,
			);
			mainGroup = 09AB89012C4D41E300B29793;
			packageReferences = (
				09AB891F2C4D421700B29793 /* XCRemoteSwiftPackageReference "Oware" */,
			);
			productRefGroup = 09AB890B2C4D41E300B29793 /* Products */;
			projectDirPath = "";
			projectRoot = "";
			targets = (
				09AB89092C4D41E300B29793 /* FileData */,
			);
		};
/* End PBXProject section */

/* Begin PBXResourcesBuildPhase section */
		09AB89082C4D41E300B29793 /* Resources */ = {
			isa = PBXResourcesBuildPhase;
			buildActionMask = 2147483647;
			files = (
				09AB89192C4D41E500B29793 /* Preview Assets.xcassets in Resources */,
				09AB89142C4D41E500B29793 /* Assets.xcassets in Resources */,
			);
			runOnlyForDeploymentPostprocessing = 0;
		};
/* End PBXResourcesBuildPhase section */

/* Begin PBXSourcesBuildPhase section */
		09AB89062C4D41E300B29793 /* Sources */ = {
			isa = PBXSourcesBuildPhase;
			buildActionMask = 2147483647;
			files = (
				09AB89102C4D41E300B29793 /* FileDataDocument.swift in Sources */,
				09AB890E2C4D41E300B29793 /* FileDataApp.swift in Sources */,
				09149C202C4E5B2D0065C719 /* CompteDocument.swift in Sources */,
				09AB89122C4D41E300B29793 /* ContentView.swift in Sources */,
				09B4A98F2C651FE1006B79DC /* DesComptes.swift in Sources */,
				09AB89232C4D437A00B29793 /* Comptes.swift in Sources */,
			);
			runOnlyForDeploymentPostprocessing = 0;
		};
/* End PBXSourcesBuildPhase section */

/* Begin XCBuildConfiguration section */
		09AB891A2C4D41E500B29793 /* Debug */ = {
			isa = XCBuildConfiguration;
			buildSettings = {
				ALWAYS_SEARCH_USER_PATHS = NO;
				ASSETCATALOG_COMPILER_GENERATE_SWIFT_ASSET_SYMBOL_EXTENSIONS = YES;
				CLANG_ANALYZER_NONNULL = YES;
				CLANG_ANALYZER_NUMBER_OBJECT_CONVERSION = YES_AGGRESSIVE;
				CLANG_CXX_LANGUAGE_STANDARD = "gnu++20";
				CLANG_ENABLE_MODULES = YES;
				CLANG_ENABLE_OBJC_ARC = YES;
				CLANG_ENABLE_OBJC_WEAK = YES;
				CLANG_WARN_BLOCK_CAPTURE_AUTORELEASING = YES;
				CLANG_WARN_BOOL_CONVERSION = YES;
				CLANG_WARN_COMMA = YES;
				CLANG_WARN_CONSTANT_CONVERSION = YES;
				CLANG_WARN_DEPRECATED_OBJC_IMPLEMENTATIONS = YES;
				CLANG_WARN_DIRECT_OBJC_ISA_USAGE = YES_ERROR;
				CLANG_WARN_DOCUMENTATION_COMMENTS = YES;
				CLANG_WARN_EMPTY_BODY = YES;
				CLANG_WARN_ENUM_CONVERSION = YES;
				CLANG_WARN_INFINITE_RECURSION = YES;
				CLANG_WARN_INT_CONVERSION = YES;
				CLANG_WARN_NON_LITERAL_NULL_CONVERSION = YES;
				CLANG_WARN_OBJC_IMPLICIT_RETAIN_SELF = YES;
				CLANG_WARN_OBJC_LITERAL_CONVERSION = YES;
				CLANG_WARN_OBJC_ROOT_CLASS = YES_ERROR;
				CLANG_WARN_QUOTED_INCLUDE_IN_FRAMEWORK_HEADER = YES;
				CLANG_WARN_RANGE_LOOP_ANALYSIS = YES;
				CLANG_WARN_STRICT_PROTOTYPES = YES;
				CLANG_WARN_SUSPICIOUS_MOVE = YES;
				CLANG_WARN_UNGUARDED_AVAILABILITY = YES_AGGRESSIVE;
				CLANG_WARN_UNREACHABLE_CODE = YES;
				CLANG_WARN__DUPLICATE_METHOD_MATCH = YES;
				COPY_PHASE_STRIP = NO;
				DEBUG_INFORMATION_FORMAT = dwarf;
				ENABLE_STRICT_OBJC_MSGSEND = YES;
				ENABLE_TESTABILITY = YES;
				ENABLE_USER_SCRIPT_SANDBOXING = YES;
				GCC_C_LANGUAGE_STANDARD = gnu17;
				GCC_DYNAMIC_NO_PIC = NO;
				GCC_NO_COMMON_BLOCKS = YES;
				GCC_OPTIMIZATION_LEVEL = 0;
				GCC_PREPROCESSOR_DEFINITIONS = (
					"DEBUG=1",
					"$(inherited)",
				);
				GCC_WARN_64_TO_32_BIT_CONVERSION = YES;
				GCC_WARN_ABOUT_RETURN_TYPE = YES_ERROR;
				GCC_WARN_UNDECLARED_SELECTOR = YES;
				GCC_WARN_UNINITIALIZED_AUTOS = YES_AGGRESSIVE;
				GCC_WARN_UNUSED_FUNCTION = YES;
				GCC_WARN_UNUSED_VARIABLE = YES;
				LOCALIZATION_PREFERS_STRING_CATALOGS = YES;
				MTL_ENABLE_DEBUG_INFO = INCLUDE_SOURCE;
				MTL_FAST_MATH = YES;
				ONLY_ACTIVE_ARCH = YES;
				SWIFT_ACTIVE_COMPILATION_CONDITIONS = "DEBUG $(inherited)";
				SWIFT_OPTIMIZATION_LEVEL = "-Onone";
			};
			name = Debug;
		};
		09AB891B2C4D41E500B29793 /* Release */ = {
			isa = XCBuildConfiguration;
			buildSettings = {
				ALWAYS_SEARCH_USER_PATHS = NO;
				ASSETCATALOG_COMPILER_GENERATE_SWIFT_ASSET_SYMBOL_EXTENSIONS = YES;
				CLANG_ANALYZER_NONNULL = YES;
				CLANG_ANALYZER_NUMBER_OBJECT_CONVERSION = YES_AGGRESSIVE;
				CLANG_CXX_LANGUAGE_STANDARD = "gnu++20";
				CLANG_ENABLE_MODULES = YES;
				CLANG_ENABLE_OBJC_ARC = YES;
				CLANG_ENABLE_OBJC_WEAK = YES;
				CLANG_WARN_BLOCK_CAPTURE_AUTORELEASING = YES;
				CLANG_WARN_BOOL_CONVERSION = YES;
				CLANG_WARN_COMMA = YES;
				CLANG_WARN_CONSTANT_CONVERSION = YES;
				CLANG_WARN_DEPRECATED_OBJC_IMPLEMENTATIONS = YES;
				CLANG_WARN_DIRECT_OBJC_ISA_USAGE = YES_ERROR;
				CLANG_WARN_DOCUMENTATION_COMMENTS = YES;
				CLANG_WARN_EMPTY_BODY = YES;
				CLANG_WARN_ENUM_CONVERSION = YES;
				CLANG_WARN_INFINITE_RECURSION = YES;
				CLANG_WARN_INT_CONVERSION = YES;
				CLANG_WARN_NON_LITERAL_NULL_CONVERSION = YES;
				CLANG_WARN_OBJC_IMPLICIT_RETAIN_SELF = YES;
				CLANG_WARN_OBJC_LITERAL_CONVERSION = YES;
				CLANG_WARN_OBJC_ROOT_CLASS = YES_ERROR;
				CLANG_WARN_QUOTED_INCLUDE_IN_FRAMEWORK_HEADER = YES;
				CLANG_WARN_RANGE_LOOP_ANALYSIS = YES;
				CLANG_WARN_STRICT_PROTOTYPES = YES;
				CLANG_WARN_SUSPICIOUS_MOVE = YES;
				CLANG_WARN_UNGUARDED_AVAILABILITY = YES_AGGRESSIVE;
				CLANG_WARN_UNREACHABLE_CODE = YES;
				CLANG_WARN__DUPLICATE_METHOD_MATCH = YES;
				COPY_PHASE_STRIP = NO;
				DEBUG_INFORMATION_FORMAT = "dwarf-with-dsym";
				ENABLE_NS_ASSERTIONS = NO;
				ENABLE_STRICT_OBJC_MSGSEND = YES;
				ENABLE_USER_SCRIPT_SANDBOXING = YES;
				GCC_C_LANGUAGE_STANDARD = gnu17;
				GCC_NO_COMMON_BLOCKS = YES;
				GCC_WARN_64_TO_32_BIT_CONVERSION = YES;
				GCC_WARN_ABOUT_RETURN_TYPE = YES_ERROR;
				GCC_WARN_UNDECLARED_SELECTOR = YES;
				GCC_WARN_UNINITIALIZED_AUTOS = YES_AGGRESSIVE;
				GCC_WARN_UNUSED_FUNCTION = YES;
				GCC_WARN_UNUSED_VARIABLE = YES;
				LOCALIZATION_PREFERS_STRING_CATALOGS = YES;
				MTL_ENABLE_DEBUG_INFO = NO;
				MTL_FAST_MATH = YES;
				SWIFT_COMPILATION_MODE = wholemodule;
			};
			name = Release;
		};
		09AB891D2C4D41E500B29793 /* Debug */ = {
			isa = XCBuildConfiguration;
			buildSettings = {
				ASSETCATALOG_COMPILER_APPICON_NAME = AppIcon;
				ASSETCATALOG_COMPILER_GLOBAL_ACCENT_COLOR_NAME = AccentColor;
				CODE_SIGN_ENTITLEMENTS = FileData/FileData.entitlements;
				CODE_SIGN_STYLE = Automatic;
				CURRENT_PROJECT_VERSION = 1;
				DEVELOPMENT_ASSET_PATHS = "\"FileData/Preview Content\"";
				DEVELOPMENT_TEAM = PLNC2B68D3;
				ENABLE_HARDENED_RUNTIME = YES;
				ENABLE_PREVIEWS = YES;
				GENERATE_INFOPLIST_FILE = YES;
				INFOPLIST_FILE = FileData/Info.plist;
				"INFOPLIST_KEY_UIApplicationSceneManifest_Generation[sdk=iphoneos*]" = YES;
				"INFOPLIST_KEY_UIApplicationSceneManifest_Generation[sdk=iphonesimulator*]" = YES;
				"INFOPLIST_KEY_UIApplicationSupportsIndirectInputEvents[sdk=iphoneos*]" = YES;
				"INFOPLIST_KEY_UIApplicationSupportsIndirectInputEvents[sdk=iphonesimulator*]" = YES;
				"INFOPLIST_KEY_UILaunchScreen_Generation[sdk=iphoneos*]" = YES;
				"INFOPLIST_KEY_UILaunchScreen_Generation[sdk=iphonesimulator*]" = YES;
				"INFOPLIST_KEY_UIStatusBarStyle[sdk=iphoneos*]" = UIStatusBarStyleDefault;
				"INFOPLIST_KEY_UIStatusBarStyle[sdk=iphonesimulator*]" = UIStatusBarStyleDefault;
				INFOPLIST_KEY_UISupportedInterfaceOrientations_iPad = "UIInterfaceOrientationPortrait UIInterfaceOrientationPortraitUpsideDown UIInterfaceOrientationLandscapeLeft UIInterfaceOrientationLandscapeRight";
				INFOPLIST_KEY_UISupportedInterfaceOrientations_iPhone = "UIInterfaceOrientationPortrait UIInterfaceOrientationLandscapeLeft UIInterfaceOrientationLandscapeRight";
				"INFOPLIST_KEY_UISupportsDocumentBrowser[sdk=iphoneos*]" = YES;
				"INFOPLIST_KEY_UISupportsDocumentBrowser[sdk=iphonesimulator*]" = YES;
				IPHONEOS_DEPLOYMENT_TARGET = 17.5;
				LD_RUNPATH_SEARCH_PATHS = "@executable_path/Frameworks";
				"LD_RUNPATH_SEARCH_PATHS[sdk=macosx*]" = "@executable_path/../Frameworks";
				MACOSX_DEPLOYMENT_TARGET = 14.5;
				MARKETING_VERSION = 1.0;
				PRODUCT_BUNDLE_IDENTIFIER = com.inawani.do.FileData;
				PRODUCT_NAME = "$(TARGET_NAME)";
				SDKROOT = auto;
				SUPPORTED_PLATFORMS = "iphoneos iphonesimulator macosx";
				SWIFT_EMIT_LOC_STRINGS = YES;
				SWIFT_VERSION = 5.0;
				TARGETED_DEVICE_FAMILY = "1,2";
			};
			name = Debug;
		};
		09AB891E2C4D41E500B29793 /* Release */ = {
			isa = XCBuildConfiguration;
			buildSettings = {
				ASSETCATALOG_COMPILER_APPICON_NAME = AppIcon;
				ASSETCATALOG_COMPILER_GLOBAL_ACCENT_COLOR_NAME = AccentColor;
				CODE_SIGN_ENTITLEMENTS = FileData/FileData.entitlements;
				CODE_SIGN_STYLE = Automatic;
				CURRENT_PROJECT_VERSION = 1;
				DEVELOPMENT_ASSET_PATHS = "\"FileData/Preview Content\"";
				DEVELOPMENT_TEAM = PLNC2B68D3;
				ENABLE_HARDENED_RUNTIME = YES;
				ENABLE_PREVIEWS = YES;
				GENERATE_INFOPLIST_FILE = YES;
				INFOPLIST_FILE = FileData/Info.plist;
				"INFOPLIST_KEY_UIApplicationSceneManifest_Generation[sdk=iphoneos*]" = YES;
				"INFOPLIST_KEY_UIApplicationSceneManifest_Generation[sdk=iphonesimulator*]" = YES;
				"INFOPLIST_KEY_UIApplicationSupportsIndirectInputEvents[sdk=iphoneos*]" = YES;
				"INFOPLIST_KEY_UIApplicationSupportsIndirectInputEvents[sdk=iphonesimulator*]" = YES;
				"INFOPLIST_KEY_UILaunchScreen_Generation[sdk=iphoneos*]" = YES;
				"INFOPLIST_KEY_UILaunchScreen_Generation[sdk=iphonesimulator*]" = YES;
				"INFOPLIST_KEY_UIStatusBarStyle[sdk=iphoneos*]" = UIStatusBarStyleDefault;
				"INFOPLIST_KEY_UIStatusBarStyle[sdk=iphonesimulator*]" = UIStatusBarStyleDefault;
				INFOPLIST_KEY_UISupportedInterfaceOrientations_iPad = "UIInterfaceOrientationPortrait UIInterfaceOrientationPortraitUpsideDown UIInterfaceOrientationLandscapeLeft UIInterfaceOrientationLandscapeRight";
				INFOPLIST_KEY_UISupportedInterfaceOrientations_iPhone = "UIInterfaceOrientationPortrait UIInterfaceOrientationLandscapeLeft UIInterfaceOrientationLandscapeRight";
				"INFOPLIST_KEY_UISupportsDocumentBrowser[sdk=iphoneos*]" = YES;
				"INFOPLIST_KEY_UISupportsDocumentBrowser[sdk=iphonesimulator*]" = YES;
				IPHONEOS_DEPLOYMENT_TARGET = 17.5;
				LD_RUNPATH_SEARCH_PATHS = "@executable_path/Frameworks";
				"LD_RUNPATH_SEARCH_PATHS[sdk=macosx*]" = "@executable_path/../Frameworks";
				MACOSX_DEPLOYMENT_TARGET = 14.5;
				MARKETING_VERSION = 1.0;
				PRODUCT_BUNDLE_IDENTIFIER = com.inawani.do.FileData;
				PRODUCT_NAME = "$(TARGET_NAME)";
				SDKROOT = auto;
				SUPPORTED_PLATFORMS = "iphoneos iphonesimulator macosx";
				SWIFT_EMIT_LOC_STRINGS = YES;
				SWIFT_VERSION = 5.0;
				TARGETED_DEVICE_FAMILY = "1,2";
			};
			name = Release;
		};
/* End XCBuildConfiguration section */

/* Begin XCConfigurationList section */
		09AB89052C4D41E300B29793 /* Build configuration list for PBXProject "FileData" */ = {
			isa = XCConfigurationList;
			buildConfigurations = (
				09AB891A2C4D41E500B29793 /* Debug */,
				09AB891B2C4D41E500B29793 /* Release */,
			);
			defaultConfigurationIsVisible = 0;
			defaultConfigurationName = Release;
		};
		09AB891C2C4D41E500B29793 /* Build configuration list for PBXNativeTarget "FileData" */ = {
			isa = XCConfigurationList;
			buildConfigurations = (
				09AB891D2C4D41E500B29793 /* Debug */,
				09AB891E2C4D41E500B29793 /* Release */,
			);
			defaultConfigurationIsVisible = 0;
			defaultConfigurationName = Release;
		};
/* End XCConfigurationList section */

/* Begin XCRemoteSwiftPackageReference section */
		09AB891F2C4D421700B29793 /* XCRemoteSwiftPackageReference "Oware" */ = {
			isa = XCRemoteSwiftPackageReference;
			repositoryURL = "https://github.com/oliveware/Oware";
			requirement = {
				branch = main;
				kind = branch;
			};
		};
/* End XCRemoteSwiftPackageReference section */

/* Begin XCSwiftPackageProductDependency section */
		09AB89202C4D421700B29793 /* Oware */ = {
			isa = XCSwiftPackageProductDependency;
			package = 09AB891F2C4D421700B29793 /* XCRemoteSwiftPackageReference "Oware" */;
			productName = Oware;
		};
/* End XCSwiftPackageProductDependency section */
	};
	rootObject = 09AB89022C4D41E300B29793 /* Project object */;
}
