{
  "originHash" : "70e7310bf332855d45d285cc50508e23501b08e8fa125f4c8a2ff9f3eeef423d",
  "pins" : [
    {
      "identity" : "attribex",
      "kind" : "remoteSourceControl",
      "location" : "http://github.com/oliveware/Attribex",
      "state" : {
        "branch" : "main",
        "revision" : "6171f256a7ef25bc5c45db089fe537a04ac78a30"
      }
    },
    {
      "identity" : "oware",
      "kind" : "remoteSourceControl",
      "location" : "https://github.com/oliveware/Oware",
      "state" : {
        "branch" : "main",
        "revision" : "6af1be327fc6f4592328b300815ad1cbe5f5d1a1"
      }
    },
    {
      "identity" : "putex",
      "kind" : "remoteSourceControl",
      "location" : "http://github.com/oliveware/Putex",
      "state" : {
        "branch" : "main",
        "revision" : "c9e02439d18686de7e7c85068159bb82c673765d"
      }
    },
    {
      "identity" : "semantex",
      "kind" : "remoteSourceControl",
      "location" : "http://github.com/oliveware/Semantex",
      "state" : {
        "branch" : "main",
        "revision" : "4e6560f5fe516d4eaca6e75f486d3368fbbdd446"
      }
    }
  ],
  "version" : 3
}
